
Microsoft Visual Studio Solution File, Format Version 11.00
# Visual Studio 2010
Project("{FAE04EC0-301F-11D3-BF4B-00C04F79EFBC}") = "Combinatorics", "Combinatorics\Combinatorics.csproj", "{CDC932EC-0612-4A75-8EF0-48B7B63FC489}"
EndProject
Global
	GlobalSection(SolutionConfigurationPlatforms) = preSolution
		Debug|Any CPU = Debug|Any CPU
		Release|Any CPU = Release|Any CPU
	EndGlobalSection
	GlobalSection(ProjectConfigurationPlatforms) = postSolution
		{CDC932EC-0612-4A75-8EF0-48B7B63FC489}.Debug|Any CPU.ActiveCfg = Debug|Any CPU
		{CDC932EC-0612-4A75-8EF0-48B7B63FC489}.Debug|Any CPU.Build.0 = Debug|Any CPU
		{CDC932EC-0612-4A75-8EF0-48B7B63FC489}.Release|Any CPU.ActiveCfg = Release|Any CPU
		{CDC932EC-0612-4A75-8EF0-48B7B63FC489}.Release|Any CPU.Build.0 = Release|Any CPU
	EndGlobalSection
	GlobalSection(SolutionProperties) = preSolution
		HideSolutionNode = FALSE
	EndGlobalSection
EndGlobal
